
Microsoft Visual Studio Solution File, Format Version 12.00
# Visual Studio Version 17
VisualStudioVersion = 17.4.33110.190
MinimumVisualStudioVersion = 10.0.40219.1
Project("{FAE04EC0-301F-11D3-BF4B-00C04F79EFBC}") = "HabbitLogger", "HabbitLogger\HabbitLogger.csproj", "{A9B7C0A3-16CA-4C0C-B2DC-9E32CAC81533}"
EndProject
Global
	GlobalSection(SolutionConfigurationPlatforms) = preSolution
		Debug|Any CPU = Debug|Any CPU
		Release|Any CPU = Release|Any CPU
	EndGlobalSection
	GlobalSection(ProjectConfigurationPlatforms) = postSolution
		{A9B7C0A3-16CA-4C0C-B2DC-9E32CAC81533}.Debug|Any CPU.ActiveCfg = Debug|Any CPU
		{A9B7C0A3-16CA-4C0C-B2DC-9E32CAC81533}.Debug|Any CPU.Build.0 = Debug|Any CPU
		{A9B7C0A3-16CA-4C0C-B2DC-9E32CAC81533}.Release|Any CPU.ActiveCfg = Release|Any CPU
		{A9B7C0A3-16CA-4C0C-B2DC-9E32CAC81533}.Release|Any CPU.Build.0 = Release|Any CPU
	EndGlobalSection
	GlobalSection(SolutionProperties) = preSolution
		HideSolutionNode = FALSE
	EndGlobalSection
	GlobalSection(ExtensibilityGlobals) = postSolution
		SolutionGuid = {847D82AD-F69A-4F00-8E5A-B0CF168FD560}
	EndGlobalSection
EndGlobal
